<?xml version="1.0" encoding="utf-8"?>
<Project ToolsVersion="4.0" xmlns="http://schemas.microsoft.com/developer/msbuild/2003">
  <ItemGroup>
    <ClCompile Include="Monarch.cpp" />
  </ItemGroup>
  <ItemGroup>
    <Filter Include="RayLib">
      <UniqueIdentifier>{06f923ba-9559-401a-b2eb-7f5ed0a341cb}</UniqueIdentifier>
    </Filter>
  </ItemGroup>
  <ItemGroup>
    <ClInclude Include="include\raylib.h">
      <Filter>RayLib</Filter>
    </ClInclude>
    <ClInclude Include="include\raymath.h">
      <Filter>RayLib</Filter>
    </ClInclude>
    <ClInclude Include="include\rlgl.h">
      <Filter>RayLib</Filter>
    </ClInclude>
    <ClInclude Include="include\rini.h">
      <Filter>RayLib</Filter>
    </ClInclude>
  </ItemGroup>
</Project>